
Microsoft Visual Studio Solution File, Format Version 12.00
# Visual Studio 15
VisualStudioVersion = 15.0.27130.0
MinimumVisualStudioVersion = 10.0.40219.1
Project("{FAE04EC0-301F-11D3-BF4B-00C04F79EFBC}") = "WeatherDesktop", "..\WeatherDesktop\WeatherDesktop.csproj", "{756B2286-9911-48FB-90DA-7CD244DBE726}"
EndProject
Project("{FAE04EC0-301F-11D3-BF4B-00C04F79EFBC}") = "WeatherDesktop.Shared", "..\WeatherDesktop.Shared\WeatherDesktop.Shared.csproj", "{AD39A03F-E078-4172-A97D-3EFD54E1ED81}"
EndProject
Global
	GlobalSection(SolutionConfigurationPlatforms) = preSolution
		Debug|Any CPU = Debug|Any CPU
		Release|Any CPU = Release|Any CPU
	EndGlobalSection
	GlobalSection(ProjectConfigurationPlatforms) = postSolution
		{756B2286-9911-48FB-90DA-7CD244DBE726}.Debug|Any CPU.ActiveCfg = Debug|Any CPU
		{756B2286-9911-48FB-90DA-7CD244DBE726}.Debug|Any CPU.Build.0 = Debug|Any CPU
		{756B2286-9911-48FB-90DA-7CD244DBE726}.Release|Any CPU.ActiveCfg = Release|Any CPU
		{756B2286-9911-48FB-90DA-7CD244DBE726}.Release|Any CPU.Build.0 = Release|Any CPU
		{AD39A03F-E078-4172-A97D-3EFD54E1ED81}.Debug|Any CPU.ActiveCfg = Debug|Any CPU
		{AD39A03F-E078-4172-A97D-3EFD54E1ED81}.Debug|Any CPU.Build.0 = Debug|Any CPU
		{AD39A03F-E078-4172-A97D-3EFD54E1ED81}.Release|Any CPU.ActiveCfg = Release|Any CPU
		{AD39A03F-E078-4172-A97D-3EFD54E1ED81}.Release|Any CPU.Build.0 = Release|Any CPU
	EndGlobalSection
	GlobalSection(SolutionProperties) = preSolution
		HideSolutionNode = FALSE
	EndGlobalSection
	GlobalSection(ExtensibilityGlobals) = postSolution
		SolutionGuid = {1D8C357A-3338-4BE0-B4C8-02A18F458B30}
	EndGlobalSection
EndGlobal
