
Microsoft Visual Studio Solution File, Format Version 12.00
# Visual Studio Version 17
VisualStudioVersion = 17.2.32616.157
MinimumVisualStudioVersion = 10.0.40219.1
Project("{FAE04EC0-301F-11D3-BF4B-00C04F79EFBC}") = "WeatherDesktop", "..\WeatherDesktop\WeatherDesktop.csproj", "{756B2286-9911-48FB-90DA-7CD244DBE726}"
EndProject
Project("{2150E333-8FDC-42A3-9474-1A3956D46DE8}") = "Plugin Templates", "Plugin Templates", "{4588D0A3-A78E-4150-8E9D-A9650DECA163}"
EndProject
Project("{FAE04EC0-301F-11D3-BF4B-00C04F79EFBC}") = "WeatherDesktop.Shared", "..\WeatherDesktop.Shared\WeatherDesktop.Shared.csproj", "{AD39A03F-E078-4172-A97D-3EFD54E1ED81}"
EndProject
Project("{F184B08F-C81C-45F6-A57F-5ABD9991F28F}") = "vb.ExternalService.Template", "..\Plugin Templates\vb.ExternalService.Template\vb.ExternalService.Template.vbproj", "{89F6E411-1D4B-4CA1-8553-511F3918FB67}"
EndProject
Project("{FAE04EC0-301F-11D3-BF4B-00C04F79EFBC}") = "cs.ExternalService.template", "..\Plugin Templates\cs.ExternalService.template\cs.ExternalService.template.csproj", "{5F599B16-412A-4202-8AAC-ED8434EAF69E}"
EndProject
Project("{FAE04EC0-301F-11D3-BF4B-00C04F79EFBC}") = "Internal.flatfile", "..\Plugins\Internal.flatfile\Internal.flatfile.csproj", "{FC877F00-D9C9-406C-A603-2EBFE0DE13C7}"
EndProject
Global
	GlobalSection(SolutionConfigurationPlatforms) = preSolution
		Debug|Any CPU = Debug|Any CPU
		Release|Any CPU = Release|Any CPU
	EndGlobalSection
	GlobalSection(ProjectConfigurationPlatforms) = postSolution
		{756B2286-9911-48FB-90DA-7CD244DBE726}.Debug|Any CPU.ActiveCfg = Debug|Any CPU
		{756B2286-9911-48FB-90DA-7CD244DBE726}.Debug|Any CPU.Build.0 = Debug|Any CPU
		{756B2286-9911-48FB-90DA-7CD244DBE726}.Release|Any CPU.ActiveCfg = Release|Any CPU
		{756B2286-9911-48FB-90DA-7CD244DBE726}.Release|Any CPU.Build.0 = Release|Any CPU
		{AD39A03F-E078-4172-A97D-3EFD54E1ED81}.Debug|Any CPU.ActiveCfg = Debug|Any CPU
		{AD39A03F-E078-4172-A97D-3EFD54E1ED81}.Debug|Any CPU.Build.0 = Debug|Any CPU
		{AD39A03F-E078-4172-A97D-3EFD54E1ED81}.Release|Any CPU.ActiveCfg = Release|Any CPU
		{AD39A03F-E078-4172-A97D-3EFD54E1ED81}.Release|Any CPU.Build.0 = Release|Any CPU
		{89F6E411-1D4B-4CA1-8553-511F3918FB67}.Debug|Any CPU.ActiveCfg = Debug|Any CPU
		{89F6E411-1D4B-4CA1-8553-511F3918FB67}.Debug|Any CPU.Build.0 = Debug|Any CPU
		{89F6E411-1D4B-4CA1-8553-511F3918FB67}.Release|Any CPU.ActiveCfg = Release|Any CPU
		{89F6E411-1D4B-4CA1-8553-511F3918FB67}.Release|Any CPU.Build.0 = Release|Any CPU
		{5F599B16-412A-4202-8AAC-ED8434EAF69E}.Debug|Any CPU.ActiveCfg = Debug|Any CPU
		{5F599B16-412A-4202-8AAC-ED8434EAF69E}.Debug|Any CPU.Build.0 = Debug|Any CPU
		{5F599B16-412A-4202-8AAC-ED8434EAF69E}.Release|Any CPU.ActiveCfg = Release|Any CPU
		{5F599B16-412A-4202-8AAC-ED8434EAF69E}.Release|Any CPU.Build.0 = Release|Any CPU
		{FC877F00-D9C9-406C-A603-2EBFE0DE13C7}.Debug|Any CPU.ActiveCfg = Debug|Any CPU
		{FC877F00-D9C9-406C-A603-2EBFE0DE13C7}.Debug|Any CPU.Build.0 = Debug|Any CPU
		{FC877F00-D9C9-406C-A603-2EBFE0DE13C7}.Release|Any CPU.ActiveCfg = Release|Any CPU
		{FC877F00-D9C9-406C-A603-2EBFE0DE13C7}.Release|Any CPU.Build.0 = Release|Any CPU
	EndGlobalSection
	GlobalSection(SolutionProperties) = preSolution
		HideSolutionNode = FALSE
	EndGlobalSection
	GlobalSection(NestedProjects) = preSolution
		{89F6E411-1D4B-4CA1-8553-511F3918FB67} = {4588D0A3-A78E-4150-8E9D-A9650DECA163}
		{5F599B16-412A-4202-8AAC-ED8434EAF69E} = {4588D0A3-A78E-4150-8E9D-A9650DECA163}
	EndGlobalSection
	GlobalSection(ExtensibilityGlobals) = postSolution
		SolutionGuid = {0A61898C-A354-4737-B8B8-84E489CDAC7A}
	EndGlobalSection
EndGlobal
